
Microsoft Visual Studio Solution File, Format Version 12.00
# Visual Studio Version 17
VisualStudioVersion = 17.2.32630.192
MinimumVisualStudioVersion = 10.0.40219.1
Project("{FAE04EC0-301F-11D3-BF4B-00C04F79EFBC}") = "SuperMarket.API", "SuperMarket.API.csproj", "{09B03711-DA2B-4A89-B094-1A901931B5FD}"
EndProject
Project("{FAE04EC0-301F-11D3-BF4B-00C04F79EFBC}") = "SuperMarket.Domain", "..\Domain\SuperMarket.Domain.csproj", "{2F6942DD-CE7C-488D-8BA9-E5F47ED9A7D7}"
EndProject
Project("{FAE04EC0-301F-11D3-BF4B-00C04F79EFBC}") = "SuperMarket.Infraestructure", "..\Infraestructure\SuperMarket.Infraestructure.csproj", "{E6ECD6F1-BE47-4959-8221-29DF10446AF5}"
EndProject
Global
	GlobalSection(SolutionConfigurationPlatforms) = preSolution
		Debug|Any CPU = Debug|Any CPU
		Release|Any CPU = Release|Any CPU
	EndGlobalSection
	GlobalSection(ProjectConfigurationPlatforms) = postSolution
		{09B03711-DA2B-4A89-B094-1A901931B5FD}.Debug|Any CPU.ActiveCfg = Debug|Any CPU
		{09B03711-DA2B-4A89-B094-1A901931B5FD}.Debug|Any CPU.Build.0 = Debug|Any CPU
		{09B03711-DA2B-4A89-B094-1A901931B5FD}.Release|Any CPU.ActiveCfg = Release|Any CPU
		{09B03711-DA2B-4A89-B094-1A901931B5FD}.Release|Any CPU.Build.0 = Release|Any CPU
		{2F6942DD-CE7C-488D-8BA9-E5F47ED9A7D7}.Debug|Any CPU.ActiveCfg = Debug|Any CPU
		{2F6942DD-CE7C-488D-8BA9-E5F47ED9A7D7}.Debug|Any CPU.Build.0 = Debug|Any CPU
		{2F6942DD-CE7C-488D-8BA9-E5F47ED9A7D7}.Release|Any CPU.ActiveCfg = Release|Any CPU
		{2F6942DD-CE7C-488D-8BA9-E5F47ED9A7D7}.Release|Any CPU.Build.0 = Release|Any CPU
		{E6ECD6F1-BE47-4959-8221-29DF10446AF5}.Debug|Any CPU.ActiveCfg = Debug|Any CPU
		{E6ECD6F1-BE47-4959-8221-29DF10446AF5}.Debug|Any CPU.Build.0 = Debug|Any CPU
		{E6ECD6F1-BE47-4959-8221-29DF10446AF5}.Release|Any CPU.ActiveCfg = Release|Any CPU
		{E6ECD6F1-BE47-4959-8221-29DF10446AF5}.Release|Any CPU.Build.0 = Release|Any CPU
	EndGlobalSection
	GlobalSection(SolutionProperties) = preSolution
		HideSolutionNode = FALSE
	EndGlobalSection
	GlobalSection(ExtensibilityGlobals) = postSolution
		SolutionGuid = {7787D814-8178-438E-9640-A520A2A856AD}
	EndGlobalSection
EndGlobal
